
Microsoft Visual Studio Solution File, Format Version 12.00
# Visual Studio Version 16
VisualStudioVersion = 16.0.31624.102
MinimumVisualStudioVersion = 10.0.40219.1
Project("{FAE04EC0-301F-11D3-BF4B-00C04F79EFBC}") = "WpfAppContato", "WpfAppContato\WpfAppContato.csproj", "{B81BE885-514E-4EB1-9A10-CFF298779EFB}"
EndProject
Global
	GlobalSection(SolutionConfigurationPlatforms) = preSolution
		Debug|Any CPU = Debug|Any CPU
		Release|Any CPU = Release|Any CPU
	EndGlobalSection
	GlobalSection(ProjectConfigurationPlatforms) = postSolution
		{B81BE885-514E-4EB1-9A10-CFF298779EFB}.Debug|Any CPU.ActiveCfg = Debug|Any CPU
		{B81BE885-514E-4EB1-9A10-CFF298779EFB}.Debug|Any CPU.Build.0 = Debug|Any CPU
		{B81BE885-514E-4EB1-9A10-CFF298779EFB}.Release|Any CPU.ActiveCfg = Release|Any CPU
		{B81BE885-514E-4EB1-9A10-CFF298779EFB}.Release|Any CPU.Build.0 = Release|Any CPU
	EndGlobalSection
	GlobalSection(SolutionProperties) = preSolution
		HideSolutionNode = FALSE
	EndGlobalSection
	GlobalSection(ExtensibilityGlobals) = postSolution
		SolutionGuid = {BDAFADBE-F22B-4290-AF62-08080724563B}
	EndGlobalSection
EndGlobal
